
Microsoft Visual Studio Solution File, Format Version 12.00
# Visual Studio Version 17
VisualStudioVersion = 17.12.35707.178
MinimumVisualStudioVersion = 10.0.40219.1
Project("{FAE04EC0-301F-11D3-BF4B-00C04F79EFBC}") = "project1.2", "project1.2\project1.2.csproj", "{FA6187CF-0725-41F9-BAD3-EF056C5DDE1F}"
EndProject
Project("{FAE04EC0-301F-11D3-BF4B-00C04F79EFBC}") = "Library69", "Library69\Library69.csproj", "{990C28FA-D707-436D-A32B-16C032A2308E}"
EndProject
Global
	GlobalSection(SolutionConfigurationPlatforms) = preSolution
		Debug|Any CPU = Debug|Any CPU
		Release|Any CPU = Release|Any CPU
	EndGlobalSection
	GlobalSection(ProjectConfigurationPlatforms) = postSolution
		{FA6187CF-0725-41F9-BAD3-EF056C5DDE1F}.Debug|Any CPU.ActiveCfg = Debug|Any CPU
		{FA6187CF-0725-41F9-BAD3-EF056C5DDE1F}.Debug|Any CPU.Build.0 = Debug|Any CPU
		{FA6187CF-0725-41F9-BAD3-EF056C5DDE1F}.Release|Any CPU.ActiveCfg = Release|Any CPU
		{FA6187CF-0725-41F9-BAD3-EF056C5DDE1F}.Release|Any CPU.Build.0 = Release|Any CPU
		{990C28FA-D707-436D-A32B-16C032A2308E}.Debug|Any CPU.ActiveCfg = Debug|Any CPU
		{990C28FA-D707-436D-A32B-16C032A2308E}.Debug|Any CPU.Build.0 = Debug|Any CPU
		{990C28FA-D707-436D-A32B-16C032A2308E}.Release|Any CPU.ActiveCfg = Release|Any CPU
		{990C28FA-D707-436D-A32B-16C032A2308E}.Release|Any CPU.Build.0 = Release|Any CPU
	EndGlobalSection
	GlobalSection(SolutionProperties) = preSolution
		HideSolutionNode = FALSE
	EndGlobalSection
EndGlobal
